
Microsoft Visual Studio Solution File, Format Version 12.00
# Visual Studio Version 16
VisualStudioVersion = 16.0.810.14
MinimumVisualStudioVersion = 10.0.40219.1
Project("{FAE04EC0-301F-11D3-BF4B-00C04F79EFBC}") = "Arrays", "Arrays\Arrays.csproj", "{E7E7E288-3782-487D-9562-487FCB410F45}"
EndProject
Global
	GlobalSection(SolutionConfigurationPlatforms) = preSolution
		Debug|anycpu = Debug|anycpu
		Release|anycpu = Release|anycpu
	EndGlobalSection
	GlobalSection(ProjectConfigurationPlatforms) = postSolution
		{E7E7E288-3782-487D-9562-487FCB410F45}.Debug|anycpu.ActiveCfg = Debug|anycpu
		{E7E7E288-3782-487D-9562-487FCB410F45}.Debug|anycpu.Build.0 = Debug|anycpu
		{E7E7E288-3782-487D-9562-487FCB410F45}.Release|anycpu.ActiveCfg = Release|anycpu
		{E7E7E288-3782-487D-9562-487FCB410F45}.Release|anycpu.Build.0 = Release|anycpu
	EndGlobalSection
	GlobalSection(SolutionProperties) = preSolution
		HideSolutionNode = FALSE
	EndGlobalSection
	GlobalSection(ExtensibilityGlobals) = postSolution
		SolutionGuid = {4EBE9EAC-DA0C-416E-9F64-15A53D73527D}
	EndGlobalSection
EndGlobal
